// !$*UTF8*$!
{
	archiveVersion = 1;
	classes = {
	};
	objectVersion = 46;
	objects = {

/* Begin PBXBuildFile section */
		94E1AC981C83C0F100C6E11C /* AppDelegate.swift in Sources */ = {isa = PBXBuildFile; fileRef = 94E1AC971C83C0F100C6E11C /* AppDelegate.swift */; };
		94E1AC9A1C83C0F100C6E11C /* ViewController.swift in Sources */ = {isa = PBXBuildFile; fileRef = 94E1AC991C83C0F100C6E11C /* ViewController.swift */; };
		94E1AC9D1C83C0F100C6E11C /* Main.storyboard in Resources */ = {isa = PBXBuildFile; fileRef = 94E1AC9B1C83C0F100C6E11C /* Main.storyboard */; };
		94E1AC9F1C83C0F100C6E11C /* Assets.xcassets in Resources */ = {isa = PBXBuildFile; fileRef = 94E1AC9E1C83C0F100C6E11C /* Assets.xcassets */; };
		94E1ACA21C83C0F100C6E11C /* LaunchScreen.storyboard in Resources */ = {isa = PBXBuildFile; fileRef = 94E1ACA01C83C0F100C6E11C /* LaunchScreen.storyboard */; };
		94E1ACAA1C83C52E00C6E11C /* Datos.swift in Sources */ = {isa = PBXBuildFile; fileRef = 94E1ACA91C83C52E00C6E11C /* Datos.swift */; };
/* End PBXBuildFile section */

/* Begin PBXFileReference section */
		94E1AC941C83C0F100C6E11C /* Swift_21_1.app */ = {isa = PBXFileReference; explicitFileType = wrapper.application; includeInIndex = 0; path = Swift_21_1.app; sourceTree = BUILT_PRODUCTS_DIR; };
		94E1AC971C83C0F100C6E11C /* AppDelegate.swift */ = {isa = PBXFileReference; lastKnownFileType = sourcecode.swift; path = AppDelegate.swift; sourceTree = "<group>"; };
		94E1AC991C83C0F100C6E11C /* ViewController.swift */ = {isa = PBXFileReference; lastKnownFileType = sourcecode.swift; path = ViewController.swift; sourceTree = "<group>"; };
		94E1AC9C1C83C0F100C6E11C /* Base */ = {isa = PBXFileReference; lastKnownFileType = file.storyboard; name = Base; path = Base.lproj/Main.storyboard; sourceTree = "<group>"; };
		94E1AC9E1C83C0F100C6E11C /* Assets.xcassets */ = {isa = PBXFileReference; lastKnownFileType = folder.assetcatalog; path = Assets.xcassets; sourceTree = "<group>"; };
		94E1ACA11C83C0F100C6E11C /* Base */ = {isa = PBXFileReference; lastKnownFileType = file.storyboard; name = Base; path = Base.lproj/LaunchScreen.storyboard; sourceTree = "<group>"; };
		94E1ACA31C83C0F100C6E11C /* Info.plist */ = {isa = PBXFileReference; lastKnownFileType = text.plist.xml; path = Info.plist; sourceTree = "<group>"; };
		94E1ACA91C83C52E00C6E11C /* Datos.swift */ = {isa = PBXFileReference; fileEncoding = 4; lastKnownFileType = sourcecode.swift; path = Datos.swift; sourceTree = "<group>"; };
/* End PBXFileReference section */

/* Begin PBXFrameworksBuildPhase section */
		94E1AC911C83C0F100C6E11C /* Frameworks */ = {
			isa = PBXFrameworksBuildPhase;
			buildActionMask = 2147483647;
			files = (
			);
			runOnlyForDeploymentPostprocessing = 0;
		};
/* End PBXFrameworksBuildPhase section */

/* Begin PBXGroup section */
		94E1AC8B1C83C0F100C6E11C = {
			isa = PBXGroup;
			children = (
				94E1AC961C83C0F100C6E11C /* Swift_21_1 */,
				94E1AC951C83C0F100C6E11C /* Products */,
			);
			sourceTree = "<group>";
		};
		94E1AC951C83C0F100C6E11C /* Products */ = {
			isa = PBXGroup;
			children = (
				94E1AC941C83C0F100C6E11C /* Swift_21_1.app */,
			);
			name = Products;
			sourceTree = "<group>";
		};
		94E1AC961C83C0F100C6E11C /* Swift_21_1 */ = {
			isa = PBXGroup;
			children = (
				94E1AC971C83C0F100C6E11C /* AppDelegate.swift */,
				94E1AC991C83C0F100C6E11C /* ViewController.swift */,
				94E1ACA91C83C52E00C6E11C /* Datos.swift */,
				94E1AC9B1C83C0F100C6E11C /* Main.storyboard */,
				94E1AC9E1C83C0F100C6E11C /* Assets.xcassets */,
				94E1ACA01C83C0F100C6E11C /* LaunchScreen.storyboard */,
				94E1ACA31C83C0F100C6E11C /* Info.plist */,
			);
			path = Swift_21_1;
			sourceTree = "<group>";
		};
/* End PBXGroup section */

/* Begin PBXNativeTarget section */
		94E1AC931C83C0F100C6E11C /* Swift_21_1 */ = {
			isa = PBXNativeTarget;
			buildConfigurationList = 94E1ACA61C83C0F100C6E11C /* Build configuration list for PBXNativeTarget "Swift_21_1" */;
			buildPhases = (
				94E1AC901C83C0F100C6E11C /* Sources */,
				94E1AC911C83C0F100C6E11C /* Frameworks */,
				94E1AC921C83C0F100C6E11C /* Resources */,
			);
			buildRules = (
			);
			dependencies = (
			);
			name = Swift_21_1;
			productName = Swift_21_1;
			productReference = 94E1AC941C83C0F100C6E11C /* Swift_21_1.app */;
			productType = "com.apple.product-type.application";
		};
/* End PBXNativeTarget section */

/* Begin PBXProject section */
		94E1AC8C1C83C0F100C6E11C /* Project object */ = {
			isa = PBXProject;
			attributes = {
				LastSwiftUpdateCheck = 0730;
				LastUpgradeCheck = 0730;
				ORGANIZATIONNAME = "Juan Carlos Carbajal Ipenza";
				TargetAttributes = {
					94E1AC931C83C0F100C6E11C = {
						CreatedOnToolsVersion = 7.3;
					};
				};
			};
			buildConfigurationList = 94E1AC8F1C83C0F100C6E11C /* Build configuration list for PBXProject "Swift_21_1" */;
			compatibilityVersion = "Xcode 3.2";
			developmentRegion = English;
			hasScannedForEncodings = 0;
			knownRegions = (
				en,
				Base,
			);
			mainGroup = 94E1AC8B1C83C0F100C6E11C;
			productRefGroup = 94E1AC951C83C0F100C6E11C /* Products */;
			projectDirPath = "";
			projectRoot = "";
			targets = (
				94E1AC931C83C0F100C6E11C /* Swift_21_1 */,
			);
		};
/* End PBXProject section */

/* Begin PBXResourcesBuildPhase section */
		94E1AC921C83C0F100C6E11C /* Resources */ = {
			isa = PBXResourcesBuildPhase;
			buildActionMask = 2147483647;
			files = (
				94E1ACA21C83C0F100C6E11C /* LaunchScreen.storyboard in Resources */,
				94E1AC9F1C83C0F100C6E11C /* Assets.xcassets in Resources */,
				94E1AC9D1C83C0F100C6E11C /* Main.storyboard in Resources */,
			);
			runOnlyForDeploymentPostprocessing = 0;
		};
/* End PBXResourcesBuildPhase section */

/* Begin PBXSourcesBuildPhase section */
		94E1AC901C83C0F100C6E11C /* Sources */ = {
			isa = PBXSourcesBuildPhase;
			buildActionMask = 2147483647;
			files = (
				94E1AC9A1C83C0F100C6E11C /* ViewController.swift in Sources */,
				94E1AC981C83C0F100C6E11C /* AppDelegate.swift in Sources */,
				94E1ACAA1C83C52E00C6E11C /* Datos.swift in Sources */,
			);
			runOnlyForDeploymentPostprocessing = 0;
		};
/* End PBXSourcesBuildPhase section */

/* Begin PBXVariantGroup section */
		94E1AC9B1C83C0F100C6E11C /* Main.storyboard */ = {
			isa = PBXVariantGroup;
			children = (
				94E1AC9C1C83C0F100C6E11C /* Base */,
			);
			name = Main.storyboard;
			sourceTree = "<group>";
		};
		94E1ACA01C83C0F100C6E11C /* LaunchScreen.storyboard */ = {
			isa = PBXVariantGroup;
			children = (
				94E1ACA11C83C0F100C6E11C /* Base */,
			);
			name = LaunchScreen.storyboard;
			sourceTree = "<group>";
		};
/* End PBXVariantGroup section */

/* Begin XCBuildConfiguration section */
		94E1ACA41C83C0F100C6E11C /* Debug */ = {
			isa = XCBuildConfiguration;
			buildSettings = {
				ALWAYS_SEARCH_USER_PATHS = NO;
				CLANG_CXX_LANGUAGE_STANDARD = "gnu++0x";
				CLANG_CXX_LIBRARY = "libc++";
				CLANG_ENABLE_MODULES = YES;
				CLANG_ENABLE_OBJC_ARC = YES;
				CLANG_WARN_BOOL_CONVERSION = YES;
				CLANG_WARN_CONSTANT_CONVERSION = YES;
				CLANG_WARN_DIRECT_OBJC_ISA_USAGE = YES_ERROR;
				CLANG_WARN_EMPTY_BODY = YES;
				CLANG_WARN_ENUM_CONVERSION = YES;
				CLANG_WARN_INT_CONVERSION = YES;
				CLANG_WARN_OBJC_ROOT_CLASS = YES_ERROR;
				CLANG_WARN_UNREACHABLE_CODE = YES;
				CLANG_WARN__DUPLICATE_METHOD_MATCH = YES;
				"CODE_SIGN_IDENTITY[sdk=iphoneos*]" = "iPhone Developer";
				COPY_PHASE_STRIP = NO;
				DEBUG_INFORMATION_FORMAT = dwarf;
				ENABLE_STRICT_OBJC_MSGSEND = YES;
				ENABLE_TESTABILITY = YES;
				GCC_C_LANGUAGE_STANDARD = gnu99;
				GCC_DYNAMIC_NO_PIC = NO;
				GCC_NO_COMMON_BLOCKS = YES;
				GCC_OPTIMIZATION_LEVEL = 0;
				GCC_PREPROCESSOR_DEFINITIONS = (
					"DEBUG=1",
					"$(inherited)",
				);
				GCC_WARN_64_TO_32_BIT_CONVERSION = YES;
				GCC_WARN_ABOUT_RETURN_TYPE = YES_ERROR;
				GCC_WARN_UNDECLARED_SELECTOR = YES;
				GCC_WARN_UNINITIALIZED_AUTOS = YES_AGGRESSIVE;
				GCC_WARN_UNUSED_FUNCTION = YES;
				GCC_WARN_UNUSED_VARIABLE = YES;
				IPHONEOS_DEPLOYMENT_TARGET = 9.3;
				MTL_ENABLE_DEBUG_INFO = YES;
				ONLY_ACTIVE_ARCH = YES;
				SDKROOT = iphoneos;
				SWIFT_OPTIMIZATION_LEVEL = "-Onone";
			};
			name = Debug;
		};
		94E1ACA51C83C0F100C6E11C /* Release */ = {
			isa = XCBuildConfiguration;
			buildSettings = {
				ALWAYS_SEARCH_USER_PATHS = NO;
				CLANG_CXX_LANGUAGE_STANDARD = "gnu++0x";
				CLANG_CXX_LIBRARY = "libc++";
				CLANG_ENABLE_MODULES = YES;
				CLANG_ENABLE_OBJC_ARC = YES;
				CLANG_WARN_BOOL_CONVERSION = YES;
				CLANG_WARN_CONSTANT_CONVERSION = YES;
				CLANG_WARN_DIRECT_OBJC_ISA_USAGE = YES_ERROR;
				CLANG_WARN_EMPTY_BODY = YES;
				CLANG_WARN_ENUM_CONVERSION = YES;
				CLANG_WARN_INT_CONVERSION = YES;
				CLANG_WARN_OBJC_ROOT_CLASS = YES_ERROR;
				CLANG_WARN_UNREACHABLE_CODE = YES;
				CLANG_WARN__DUPLICATE_METHOD_MATCH = YES;
				"CODE_SIGN_IDENTITY[sdk=iphoneos*]" = "iPhone Developer";
				COPY_PHASE_STRIP = NO;
				DEBUG_INFORMATION_FORMAT = "dwarf-with-dsym";
				ENABLE_NS_ASSERTIONS = NO;
				ENABLE_STRICT_OBJC_MSGSEND = YES;
				GCC_C_LANGUAGE_STANDARD = gnu99;
				GCC_NO_COMMON_BLOCKS = YES;
				GCC_WARN_64_TO_32_BIT_CONVERSION = YES;
				GCC_WARN_ABOUT_RETURN_TYPE = YES_ERROR;
				GCC_WARN_UNDECLARED_SELECTOR = YES;
				GCC_WARN_UNINITIALIZED_AUTOS = YES_AGGRESSIVE;
				GCC_WARN_UNUSED_FUNCTION = YES;
				GCC_WARN_UNUSED_VARIABLE = YES;
				IPHONEOS_DEPLOYMENT_TARGET = 9.3;
				MTL_ENABLE_DEBUG_INFO = NO;
				SDKROOT = iphoneos;
				VALIDATE_PRODUCT = YES;
			};
			name = Release;
		};
		94E1ACA71C83C0F100C6E11C /* Debug */ = {
			isa = XCBuildConfiguration;
			buildSettings = {
				ASSETCATALOG_COMPILER_APPICON_NAME = AppIcon;
				INFOPLIST_FILE = Swift_21_1/Info.plist;
				LD_RUNPATH_SEARCH_PATHS = "$(inherited) @executable_path/Frameworks";
				PRODUCT_BUNDLE_IDENTIFIER = "com.m0rb1u5.Swift-21-1";
				PRODUCT_NAME = "$(TARGET_NAME)";
			};
			name = Debug;
		};
		94E1ACA81C83C0F100C6E11C /* Release */ = {
			isa = XCBuildConfiguration;
			buildSettings = {
				ASSETCATALOG_COMPILER_APPICON_NAME = AppIcon;
				INFOPLIST_FILE = Swift_21_1/Info.plist;
				LD_RUNPATH_SEARCH_PATHS = "$(inherited) @executable_path/Frameworks";
				PRODUCT_BUNDLE_IDENTIFIER = "com.m0rb1u5.Swift-21-1";
				PRODUCT_NAME = "$(TARGET_NAME)";
			};
			name = Release;
		};
/* End XCBuildConfiguration section */

/* Begin XCConfigurationList section */
		94E1AC8F1C83C0F100C6E11C /* Build configuration list for PBXProject "Swift_21_1" */ = {
			isa = XCConfigurationList;
			buildConfigurations = (
				94E1ACA41C83C0F100C6E11C /* Debug */,
				94E1ACA51C83C0F100C6E11C /* Release */,
			);
			defaultConfigurationIsVisible = 0;
			defaultConfigurationName = Release;
		};
		94E1ACA61C83C0F100C6E11C /* Build configuration list for PBXNativeTarget "Swift_21_1" */ = {
			isa = XCConfigurationList;
			buildConfigurations = (
				94E1ACA71C83C0F100C6E11C /* Debug */,
				94E1ACA81C83C0F100C6E11C /* Release */,
			);
			defaultConfigurationIsVisible = 0;
		};
/* End XCConfigurationList section */
	};
	rootObject = 94E1AC8C1C83C0F100C6E11C /* Project object */;
}
